
Microsoft Visual Studio Solution File, Format Version 12.00
# Visual Studio Version 17
VisualStudioVersion = 17.10.34928.147
MinimumVisualStudioVersion = 10.0.40219.1
Project("{9A19103F-16F7-4668-BE54-9A1E7A4F7556}") = "FMR.Windows", "FMR\FMR.Windows.csproj", "{384EA12F-9BCE-461B-8063-7F62FEA90D10}"
EndProject
Project("{9A19103F-16F7-4668-BE54-9A1E7A4F7556}") = "FMR.Core", "FMR.Core\FMR.Core.csproj", "{9EDFEE7B-E53A-4239-BC66-EF0B76E106B5}"
EndProject
Project("{9A19103F-16F7-4668-BE54-9A1E7A4F7556}") = "QQS.Legacy", "QQS.Legacy\QQS.Legacy.csproj", "{0E4391BC-E91C-4DB9-8F1B-7A72B5A2422C}"
EndProject
Project("{9A19103F-16F7-4668-BE54-9A1E7A4F7556}") = "FFmpegProcess", "FFMpegProcess\FFmpegProcess.csproj", "{3C78D4D5-5250-4A65-B2DC-3CF736829A9F}"
EndProject
Project("{2150E333-8FDC-42A3-9474-1A3956D46DE8}") = "Export", "Export", "{8D942A79-2F89-4B4E-B3C4-C1C9CE2976D9}"
EndProject
Project("{2150E333-8FDC-42A3-9474-1A3956D46DE8}") = "Modules", "Modules", "{356BB1C8-BEF6-4805-A5E7-7CD83A0B258C}"
EndProject
Project("{9A19103F-16F7-4668-BE54-9A1E7A4F7556}") = "NoteCounter", "NoteCounter\NoteCounter.csproj", "{FC2BCBCD-FA6D-42DA-A043-1311A659BF76}"
EndProject
Project("{9A19103F-16F7-4668-BE54-9A1E7A4F7556}") = "DominoRenderer", "DominoRenderer\DominoRenderer.csproj", "{AD533B8E-39BF-4A26-9D24-629769C120F6}"
EndProject
Project("{FAE04EC0-301F-11D3-BF4B-00C04F79EFBC}") = "TexturedRenderer", "TexturedRenderer\TexturedRenderer.csproj", "{8E6B2729-B188-44A5-9836-B9F640C50B0C}"
EndProject
Project("{FAE04EC0-301F-11D3-BF4B-00C04F79EFBC}") = "Scripted", "Scripted\Scripted.csproj", "{D78CB0A4-62C5-47B3-A50D-6A6E64C8440D}"
EndProject
Global
	GlobalSection(SolutionConfigurationPlatforms) = preSolution
		Debug|Any CPU = Debug|Any CPU
		Debug|x64 = Debug|x64
		Release|Any CPU = Release|Any CPU
		Release|x64 = Release|x64
	EndGlobalSection
	GlobalSection(ProjectConfigurationPlatforms) = postSolution
		{384EA12F-9BCE-461B-8063-7F62FEA90D10}.Debug|Any CPU.ActiveCfg = Debug|Any CPU
		{384EA12F-9BCE-461B-8063-7F62FEA90D10}.Debug|Any CPU.Build.0 = Debug|Any CPU
		{384EA12F-9BCE-461B-8063-7F62FEA90D10}.Debug|x64.ActiveCfg = Debug|x64
		{384EA12F-9BCE-461B-8063-7F62FEA90D10}.Debug|x64.Build.0 = Debug|x64
		{384EA12F-9BCE-461B-8063-7F62FEA90D10}.Release|Any CPU.ActiveCfg = Release|Any CPU
		{384EA12F-9BCE-461B-8063-7F62FEA90D10}.Release|Any CPU.Build.0 = Release|Any CPU
		{384EA12F-9BCE-461B-8063-7F62FEA90D10}.Release|x64.ActiveCfg = Release|x64
		{384EA12F-9BCE-461B-8063-7F62FEA90D10}.Release|x64.Build.0 = Release|x64
		{9EDFEE7B-E53A-4239-BC66-EF0B76E106B5}.Debug|Any CPU.ActiveCfg = Debug|Any CPU
		{9EDFEE7B-E53A-4239-BC66-EF0B76E106B5}.Debug|Any CPU.Build.0 = Debug|Any CPU
		{9EDFEE7B-E53A-4239-BC66-EF0B76E106B5}.Debug|x64.ActiveCfg = Debug|x64
		{9EDFEE7B-E53A-4239-BC66-EF0B76E106B5}.Debug|x64.Build.0 = Debug|x64
		{9EDFEE7B-E53A-4239-BC66-EF0B76E106B5}.Release|Any CPU.ActiveCfg = Release|Any CPU
		{9EDFEE7B-E53A-4239-BC66-EF0B76E106B5}.Release|Any CPU.Build.0 = Release|Any CPU
		{9EDFEE7B-E53A-4239-BC66-EF0B76E106B5}.Release|x64.ActiveCfg = Release|x64
		{9EDFEE7B-E53A-4239-BC66-EF0B76E106B5}.Release|x64.Build.0 = Release|x64
		{0E4391BC-E91C-4DB9-8F1B-7A72B5A2422C}.Debug|Any CPU.ActiveCfg = Debug|Any CPU
		{0E4391BC-E91C-4DB9-8F1B-7A72B5A2422C}.Debug|Any CPU.Build.0 = Debug|Any CPU
		{0E4391BC-E91C-4DB9-8F1B-7A72B5A2422C}.Debug|x64.ActiveCfg = Debug|Any CPU
		{0E4391BC-E91C-4DB9-8F1B-7A72B5A2422C}.Debug|x64.Build.0 = Debug|Any CPU
		{0E4391BC-E91C-4DB9-8F1B-7A72B5A2422C}.Release|Any CPU.ActiveCfg = Release|Any CPU
		{0E4391BC-E91C-4DB9-8F1B-7A72B5A2422C}.Release|Any CPU.Build.0 = Release|Any CPU
		{0E4391BC-E91C-4DB9-8F1B-7A72B5A2422C}.Release|x64.ActiveCfg = Release|Any CPU
		{0E4391BC-E91C-4DB9-8F1B-7A72B5A2422C}.Release|x64.Build.0 = Release|Any CPU
		{3C78D4D5-5250-4A65-B2DC-3CF736829A9F}.Debug|Any CPU.ActiveCfg = Debug|Any CPU
		{3C78D4D5-5250-4A65-B2DC-3CF736829A9F}.Debug|Any CPU.Build.0 = Debug|Any CPU
		{3C78D4D5-5250-4A65-B2DC-3CF736829A9F}.Debug|x64.ActiveCfg = Debug|Any CPU
		{3C78D4D5-5250-4A65-B2DC-3CF736829A9F}.Debug|x64.Build.0 = Debug|Any CPU
		{3C78D4D5-5250-4A65-B2DC-3CF736829A9F}.Release|Any CPU.ActiveCfg = Release|Any CPU
		{3C78D4D5-5250-4A65-B2DC-3CF736829A9F}.Release|Any CPU.Build.0 = Release|Any CPU
		{3C78D4D5-5250-4A65-B2DC-3CF736829A9F}.Release|x64.ActiveCfg = Release|Any CPU
		{3C78D4D5-5250-4A65-B2DC-3CF736829A9F}.Release|x64.Build.0 = Release|Any CPU
		{FC2BCBCD-FA6D-42DA-A043-1311A659BF76}.Debug|Any CPU.ActiveCfg = Debug|Any CPU
		{FC2BCBCD-FA6D-42DA-A043-1311A659BF76}.Debug|Any CPU.Build.0 = Debug|Any CPU
		{FC2BCBCD-FA6D-42DA-A043-1311A659BF76}.Debug|x64.ActiveCfg = Debug|Any CPU
		{FC2BCBCD-FA6D-42DA-A043-1311A659BF76}.Debug|x64.Build.0 = Debug|Any CPU
		{FC2BCBCD-FA6D-42DA-A043-1311A659BF76}.Release|Any CPU.ActiveCfg = Release|Any CPU
		{FC2BCBCD-FA6D-42DA-A043-1311A659BF76}.Release|Any CPU.Build.0 = Release|Any CPU
		{FC2BCBCD-FA6D-42DA-A043-1311A659BF76}.Release|x64.ActiveCfg = Release|Any CPU
		{FC2BCBCD-FA6D-42DA-A043-1311A659BF76}.Release|x64.Build.0 = Release|Any CPU
		{AD533B8E-39BF-4A26-9D24-629769C120F6}.Debug|Any CPU.ActiveCfg = Debug|Any CPU
		{AD533B8E-39BF-4A26-9D24-629769C120F6}.Debug|Any CPU.Build.0 = Debug|Any CPU
		{AD533B8E-39BF-4A26-9D24-629769C120F6}.Debug|x64.ActiveCfg = Debug|Any CPU
		{AD533B8E-39BF-4A26-9D24-629769C120F6}.Debug|x64.Build.0 = Debug|Any CPU
		{AD533B8E-39BF-4A26-9D24-629769C120F6}.Release|Any CPU.ActiveCfg = Release|Any CPU
		{AD533B8E-39BF-4A26-9D24-629769C120F6}.Release|Any CPU.Build.0 = Release|Any CPU
		{AD533B8E-39BF-4A26-9D24-629769C120F6}.Release|x64.ActiveCfg = Release|Any CPU
		{AD533B8E-39BF-4A26-9D24-629769C120F6}.Release|x64.Build.0 = Release|Any CPU
		{8E6B2729-B188-44A5-9836-B9F640C50B0C}.Debug|Any CPU.ActiveCfg = Debug|Any CPU
		{8E6B2729-B188-44A5-9836-B9F640C50B0C}.Debug|Any CPU.Build.0 = Debug|Any CPU
		{8E6B2729-B188-44A5-9836-B9F640C50B0C}.Debug|x64.ActiveCfg = Debug|Any CPU
		{8E6B2729-B188-44A5-9836-B9F640C50B0C}.Debug|x64.Build.0 = Debug|Any CPU
		{8E6B2729-B188-44A5-9836-B9F640C50B0C}.Release|Any CPU.ActiveCfg = Release|Any CPU
		{8E6B2729-B188-44A5-9836-B9F640C50B0C}.Release|Any CPU.Build.0 = Release|Any CPU
		{8E6B2729-B188-44A5-9836-B9F640C50B0C}.Release|x64.ActiveCfg = Release|Any CPU
		{8E6B2729-B188-44A5-9836-B9F640C50B0C}.Release|x64.Build.0 = Release|Any CPU
		{D78CB0A4-62C5-47B3-A50D-6A6E64C8440D}.Debug|Any CPU.ActiveCfg = Debug|Any CPU
		{D78CB0A4-62C5-47B3-A50D-6A6E64C8440D}.Debug|Any CPU.Build.0 = Debug|Any CPU
		{D78CB0A4-62C5-47B3-A50D-6A6E64C8440D}.Debug|x64.ActiveCfg = Debug|Any CPU
		{D78CB0A4-62C5-47B3-A50D-6A6E64C8440D}.Debug|x64.Build.0 = Debug|Any CPU
		{D78CB0A4-62C5-47B3-A50D-6A6E64C8440D}.Release|Any CPU.ActiveCfg = Release|Any CPU
		{D78CB0A4-62C5-47B3-A50D-6A6E64C8440D}.Release|Any CPU.Build.0 = Release|Any CPU
		{D78CB0A4-62C5-47B3-A50D-6A6E64C8440D}.Release|x64.ActiveCfg = Release|Any CPU
		{D78CB0A4-62C5-47B3-A50D-6A6E64C8440D}.Release|x64.Build.0 = Release|Any CPU
	EndGlobalSection
	GlobalSection(SolutionProperties) = preSolution
		HideSolutionNode = FALSE
	EndGlobalSection
	GlobalSection(NestedProjects) = preSolution
		{0E4391BC-E91C-4DB9-8F1B-7A72B5A2422C} = {356BB1C8-BEF6-4805-A5E7-7CD83A0B258C}
		{3C78D4D5-5250-4A65-B2DC-3CF736829A9F} = {8D942A79-2F89-4B4E-B3C4-C1C9CE2976D9}
		{FC2BCBCD-FA6D-42DA-A043-1311A659BF76} = {356BB1C8-BEF6-4805-A5E7-7CD83A0B258C}
		{AD533B8E-39BF-4A26-9D24-629769C120F6} = {356BB1C8-BEF6-4805-A5E7-7CD83A0B258C}
		{8E6B2729-B188-44A5-9836-B9F640C50B0C} = {356BB1C8-BEF6-4805-A5E7-7CD83A0B258C}
		{D78CB0A4-62C5-47B3-A50D-6A6E64C8440D} = {356BB1C8-BEF6-4805-A5E7-7CD83A0B258C}
	EndGlobalSection
	GlobalSection(ExtensibilityGlobals) = postSolution
		SolutionGuid = {A1EC4CD6-4F61-49C7-9592-E2F82CFF2021}
	EndGlobalSection
EndGlobal
